{
  "requires": true,
  "lockfileVersion": 1,
  "dependencies": {
    "monitor_plugin": {
      "version": "1.0.0",
      "resolved": "https://registry.npmjs.org/monitor_plugin/-/monitor_plugin-1.0.0.tgz",
      "integrity": "sha512-TnQGz8TAZGmxL8QnfcWFBd3mwPOaudg1ytcBX36cRn+rHc2EVbfacPqt/teH10cZQuzXvvTa2BRAKW49XhbtPg=="
    }
  }
}
